// !$*UTF8*$!
{
	archiveVersion = 1;
	classes = {
	};
	objectVersion = 71;
	objects = {

/* Begin PBXFileReference section */
		D3545B392526798500E8432D /* .swiftlint.yml */ = {isa = PBXFileReference; lastKnownFileType = text.yaml; path = .swiftlint.yml; sourceTree = "<group>"; };
		D392F84E275A3F140094E8A3 /* README.md */ = {isa = PBXFileReference; lastKnownFileType = net.daringfireball.markdown; path = README.md; sourceTree = "<group>"; };
		D3EC8C5C24CDD4DF00A69248 /* Camera.app */ = {isa = PBXFileReference; explicitFileType = wrapper.application; includeInIndex = 0; path = Camera.app; sourceTree = BUILT_PRODUCTS_DIR; };
/* End PBXFileReference section */

/* Begin PBXFileSystemSynchronizedBuildFileExceptionSet section */
		D345DDA92F915C9500CF46DB /* PBXFileSystemSynchronizedBuildFileExceptionSet */ = {
			isa = PBXFileSystemSynchronizedBuildFileExceptionSet;
			membershipExceptions = (
				Info.plist,
			);
			target = D3EC8C5B24CDD4DF00A69248 /* Camera */;
		};
/* End PBXFileSystemSynchronizedBuildFileExceptionSet section */

/* Begin PBXFileSystemSynchronizedRootGroup section */
		D345D8892F913E2F00CF46DB /* Camera */ = {isa = PBXFileSystemSynchronizedRootGroup; exceptions = (D345DDA92F915C9500CF46DB /* PBXFileSystemSynchronizedBuildFileExceptionSet */, ); explicitFileTypes = {}; explicitFolders = (); path = Camera; sourceTree = "<group>"; };
		D345D8AD2F913E3400CF46DB /* XCConfig */ = {isa = PBXFileSystemSynchronizedRootGroup; explicitFileTypes = {}; explicitFolders = (); path = XCConfig; sourceTree = "<group>"; };
		D345D8B02F913E3700CF46DB /* Build-Scripts */ = {isa = PBXFileSystemSynchronizedRootGroup; explicitFileTypes = {}; explicitFolders = (); path = "Build-Scripts"; sourceTree = "<group>"; };
/* End PBXFileSystemSynchronizedRootGroup section */

/* Begin PBXFrameworksBuildPhase section */
		D3EC8C5924CDD4DF00A69248 /* Frameworks */ = {
			isa = PBXFrameworksBuildPhase;
			buildActionMask = 2147483647;
			files = (
			);
			runOnlyForDeploymentPostprocessing = 0;
		};
/* End PBXFrameworksBuildPhase section */

/* Begin PBXGroup section */
		D3EC8C5324CDD4DF00A69248 = {
			isa = PBXGroup;
			children = (
				D3545B392526798500E8432D /* .swiftlint.yml */,
				D392F84E275A3F140094E8A3 /* README.md */,
				D345D8B02F913E3700CF46DB /* Build-Scripts */,
				D345D8AD2F913E3400CF46DB /* XCConfig */,
				D345D8892F913E2F00CF46DB /* Camera */,
				D3EC8C5D24CDD4DF00A69248 /* Products */,
			);
			sourceTree = "<group>";
		};
		D3EC8C5D24CDD4DF00A69248 /* Products */ = {
			isa = PBXGroup;
			children = (
				D3EC8C5C24CDD4DF00A69248 /* Camera.app */,
			);
			name = Products;
			sourceTree = "<group>";
		};
/* End PBXGroup section */

/* Begin PBXNativeTarget section */
		D3EC8C5B24CDD4DF00A69248 /* Camera */ = {
			isa = PBXNativeTarget;
			buildConfigurationList = D3EC8C6A24CDD4E200A69248 /* Build configuration list for PBXNativeTarget "Camera" */;
			buildPhases = (
				D3545B362526792900E8432D /* swiftlint-command */,
				D3545B372526794000E8432D /* todo-fixme */,
				D3EC8C5824CDD4DF00A69248 /* Sources */,
				D3EC8C5924CDD4DF00A69248 /* Frameworks */,
				D3EC8C5A24CDD4DF00A69248 /* Resources */,
			);
			buildRules = (
			);
			dependencies = (
			);
			fileSystemSynchronizedGroups = (
				D345D8892F913E2F00CF46DB /* Camera */,
			);
			name = Camera;
			productName = Camera;
			productReference = D3EC8C5C24CDD4DF00A69248 /* Camera.app */;
			productType = "com.apple.product-type.application";
		};
/* End PBXNativeTarget section */

/* Begin PBXProject section */
		D3EC8C5424CDD4DF00A69248 /* Project object */ = {
			isa = PBXProject;
			attributes = {
				BuildIndependentTargetsInParallel = YES;
				LastSwiftUpdateCheck = 1160;
				LastUpgradeCheck = 2630;
				ORGANIZATIONNAME = "ILIOS Inc.";
				TargetAttributes = {
					D3EC8C5B24CDD4DF00A69248 = {
						CreatedOnToolsVersion = 11.6;
						LastSwiftMigration = 1250;
					};
				};
			};
			buildConfigurationList = D3EC8C5724CDD4DF00A69248 /* Build configuration list for PBXProject "Camera" */;
			compatibilityVersion = "Xcode 9.3";
			developmentRegion = en;
			hasScannedForEncodings = 0;
			knownRegions = (
				en,
				Base,
				es,
			);
			mainGroup = D3EC8C5324CDD4DF00A69248;
			productRefGroup = D3EC8C5D24CDD4DF00A69248 /* Products */;
			projectDirPath = "";
			projectRoot = "";
			targets = (
				D3EC8C5B24CDD4DF00A69248 /* Camera */,
			);
		};
/* End PBXProject section */

/* Begin PBXResourcesBuildPhase section */
		D3EC8C5A24CDD4DF00A69248 /* Resources */ = {
			isa = PBXResourcesBuildPhase;
			buildActionMask = 2147483647;
			files = (
			);
			runOnlyForDeploymentPostprocessing = 0;
		};
/* End PBXResourcesBuildPhase section */

/* Begin PBXShellScriptBuildPhase section */
		D3545B362526792900E8432D /* swiftlint-command */ = {
			isa = PBXShellScriptBuildPhase;
			alwaysOutOfDate = 1;
			buildActionMask = 2147483647;
			files = (
			);
			inputFileListPaths = (
			);
			inputPaths = (
			);
			name = "swiftlint-command";
			outputFileListPaths = (
			);
			outputPaths = (
			);
			runOnlyForDeploymentPostprocessing = 0;
			shellPath = /bin/sh;
			shellScript = "$SRCROOT/Build-Scripts/swiftlint-command\n";
			showEnvVarsInLog = 0;
		};
		D3545B372526794000E8432D /* todo-fixme */ = {
			isa = PBXShellScriptBuildPhase;
			alwaysOutOfDate = 1;
			buildActionMask = 2147483647;
			files = (
			);
			inputFileListPaths = (
			);
			inputPaths = (
			);
			name = "todo-fixme";
			outputFileListPaths = (
			);
			outputPaths = (
			);
			runOnlyForDeploymentPostprocessing = 0;
			shellPath = /bin/sh;
			shellScript = "$SRCROOT/Build-Scripts/todo-fixme\n";
			showEnvVarsInLog = 0;
		};
/* End PBXShellScriptBuildPhase section */

/* Begin PBXSourcesBuildPhase section */
		D3EC8C5824CDD4DF00A69248 /* Sources */ = {
			isa = PBXSourcesBuildPhase;
			buildActionMask = 2147483647;
			files = (
			);
			runOnlyForDeploymentPostprocessing = 0;
		};
/* End PBXSourcesBuildPhase section */

/* Begin XCBuildConfiguration section */
		D3EC8C6824CDD4E200A69248 /* Debug */ = {
			isa = XCBuildConfiguration;
			baseConfigurationReferenceAnchor = D345D8AD2F913E3400CF46DB /* XCConfig */;
			baseConfigurationReferenceRelativePath = "2Project-Debug.xcconfig";
			buildSettings = {
				ASSETCATALOG_COMPILER_GENERATE_SWIFT_ASSET_SYMBOL_EXTENSIONS = YES;
				DEVELOPMENT_TEAM = 2WW9KC8P4G;
				STRING_CATALOG_GENERATE_SYMBOLS = YES;
			};
			name = Debug;
		};
		D3EC8C6924CDD4E200A69248 /* Release */ = {
			isa = XCBuildConfiguration;
			baseConfigurationReferenceAnchor = D345D8AD2F913E3400CF46DB /* XCConfig */;
			baseConfigurationReferenceRelativePath = "2Project-Release.xcconfig";
			buildSettings = {
				ASSETCATALOG_COMPILER_GENERATE_SWIFT_ASSET_SYMBOL_EXTENSIONS = YES;
				DEVELOPMENT_TEAM = 2WW9KC8P4G;
				STRING_CATALOG_GENERATE_SYMBOLS = YES;
			};
			name = Release;
		};
		D3EC8C6B24CDD4E200A69248 /* Debug */ = {
			isa = XCBuildConfiguration;
			baseConfigurationReferenceAnchor = D345D8AD2F913E3400CF46DB /* XCConfig */;
			baseConfigurationReferenceRelativePath = "App-Debug.xcconfig";
			buildSettings = {
				INFOPLIST_KEY_CFBundleDisplayName = Camera;
				INFOPLIST_KEY_LSApplicationCategoryType = "public.app-category.utilities";
				INFOPLIST_KEY_NSCameraUsageDescription = "$(CAMERA_PRIVACY_NOTICE)";
				INFOPLIST_KEY_NSHumanReadableCopyright = "Version: 1.0 (220) - Copyright © 2020-2026 ILIOS Incorporated. All rights reserved.";
				INFOPLIST_KEY_NSMainNibFile = MainMenu;
				INFOPLIST_KEY_NSPrincipalClass = NSApplication;
			};
			name = Debug;
		};
		D3EC8C6C24CDD4E200A69248 /* Release */ = {
			isa = XCBuildConfiguration;
			baseConfigurationReferenceAnchor = D345D8AD2F913E3400CF46DB /* XCConfig */;
			baseConfigurationReferenceRelativePath = "App-Release.xcconfig";
			buildSettings = {
				INFOPLIST_KEY_CFBundleDisplayName = Camera;
				INFOPLIST_KEY_LSApplicationCategoryType = "public.app-category.utilities";
				INFOPLIST_KEY_NSCameraUsageDescription = "$(CAMERA_PRIVACY_NOTICE)";
				INFOPLIST_KEY_NSHumanReadableCopyright = "Version: 1.0 (220) - Copyright © 2020-2026 ILIOS Incorporated. All rights reserved.";
				INFOPLIST_KEY_NSMainNibFile = MainMenu;
				INFOPLIST_KEY_NSPrincipalClass = NSApplication;
			};
			name = Release;
		};
/* End XCBuildConfiguration section */

/* Begin XCConfigurationList section */
		D3EC8C5724CDD4DF00A69248 /* Build configuration list for PBXProject "Camera" */ = {
			isa = XCConfigurationList;
			buildConfigurations = (
				D3EC8C6824CDD4E200A69248 /* Debug */,
				D3EC8C6924CDD4E200A69248 /* Release */,
			);
			defaultConfigurationIsVisible = 0;
			defaultConfigurationName = Release;
		};
		D3EC8C6A24CDD4E200A69248 /* Build configuration list for PBXNativeTarget "Camera" */ = {
			isa = XCConfigurationList;
			buildConfigurations = (
				D3EC8C6B24CDD4E200A69248 /* Debug */,
				D3EC8C6C24CDD4E200A69248 /* Release */,
			);
			defaultConfigurationIsVisible = 0;
			defaultConfigurationName = Release;
		};
/* End XCConfigurationList section */
	};
	rootObject = D3EC8C5424CDD4DF00A69248 /* Project object */;
}
