// !$*UTF8*$!
{
	archiveVersion = 1;
	classes = {
	};
	objectVersion = 50;
	objects = {

/* Begin PBXBuildFile section */
		D31CE93426B4449800E78398 /* NSError+Extensions.swift in Sources */ = {isa = PBXBuildFile; fileRef = D31CE93326B4449800E78398 /* NSError+Extensions.swift */; };
		D31CE93726B4452E00E78398 /* NSAlert+ILIOSAdditions.m in Sources */ = {isa = PBXBuildFile; fileRef = D31CE93626B4452E00E78398 /* NSAlert+ILIOSAdditions.m */; };
		D32AF47426B195A900A4F47A /* NSData+Extensions.swift in Sources */ = {isa = PBXBuildFile; fileRef = D32AF47326B195A900A4F47A /* NSData+Extensions.swift */; };
		D335924126753E37002D779B /* Credits.rtf in Resources */ = {isa = PBXBuildFile; fileRef = D335924326753E37002D779B /* Credits.rtf */; };
		D34E0BF3269371E100628825 /* CGImage+Extensions.swift in Sources */ = {isa = PBXBuildFile; fileRef = D34E0BF2269371E100628825 /* CGImage+Extensions.swift */; };
		D3545B42252680BF00E8432D /* InfoPlist.strings in Resources */ = {isa = PBXBuildFile; fileRef = D3545B44252680BF00E8432D /* InfoPlist.strings */; };
		D3721F5E2675483800C30D32 /* Beep.wav in Resources */ = {isa = PBXBuildFile; fileRef = D3721F5B2675483800C30D32 /* Beep.wav */; };
		D3721F602675483800C30D32 /* Camera.wav in Resources */ = {isa = PBXBuildFile; fileRef = D3721F5D2675483800C30D32 /* Camera.wav */; };
		D3BB1B4E252638920092D58F /* CameraVC.xib in Resources */ = {isa = PBXBuildFile; fileRef = D3BB1B50252638920092D58F /* CameraVC.xib */; };
		D3BB1B5925263B010092D58F /* Localizable.strings in Resources */ = {isa = PBXBuildFile; fileRef = D3BB1B5825263B010092D58F /* Localizable.strings */; };
		D3EC8C6024CDD4DF00A69248 /* AppDelegate.swift in Sources */ = {isa = PBXBuildFile; fileRef = D3EC8C5F24CDD4DF00A69248 /* AppDelegate.swift */; };
		D3EC8C6224CDD4E200A69248 /* Assets.xcassets in Resources */ = {isa = PBXBuildFile; fileRef = D3EC8C6124CDD4E200A69248 /* Assets.xcassets */; };
		D3EC8C6524CDD4E200A69248 /* MainMenu.xib in Resources */ = {isa = PBXBuildFile; fileRef = D3EC8C6324CDD4E200A69248 /* MainMenu.xib */; };
		D3EC8C6E24CDD53C00A69248 /* AppController.swift in Sources */ = {isa = PBXBuildFile; fileRef = D3EC8C6D24CDD53C00A69248 /* AppController.swift */; };
		D3EC97B02671B11700414666 /* CameraVC.m in Sources */ = {isa = PBXBuildFile; fileRef = D3EC97AF2671B11700414666 /* CameraVC.m */; };
		D3EC97B42671B1D300414666 /* CountdownViewController.m in Sources */ = {isa = PBXBuildFile; fileRef = D3EC97B22671B1D300414666 /* CountdownViewController.m */; };
		D3EC97B52671B1D300414666 /* CountdownViewController.xib in Resources */ = {isa = PBXBuildFile; fileRef = D3EC97B32671B1D300414666 /* CountdownViewController.xib */; };
		D3EC97B82671B27100414666 /* Countdown.xcassets in Resources */ = {isa = PBXBuildFile; fileRef = D3EC97B72671B27100414666 /* Countdown.xcassets */; };
/* End PBXBuildFile section */

/* Begin PBXFileReference section */
		D31CE93326B4449800E78398 /* NSError+Extensions.swift */ = {isa = PBXFileReference; fileEncoding = 4; lastKnownFileType = sourcecode.swift; path = "NSError+Extensions.swift"; sourceTree = "<group>"; };
		D31CE93526B4452E00E78398 /* NSAlert+ILIOSAdditions.h */ = {isa = PBXFileReference; fileEncoding = 4; lastKnownFileType = sourcecode.c.h; path = "NSAlert+ILIOSAdditions.h"; sourceTree = "<group>"; };
		D31CE93626B4452E00E78398 /* NSAlert+ILIOSAdditions.m */ = {isa = PBXFileReference; fileEncoding = 4; lastKnownFileType = sourcecode.c.objc; path = "NSAlert+ILIOSAdditions.m"; sourceTree = "<group>"; };
		D31CE93B26B449F800E78398 /* es */ = {isa = PBXFileReference; lastKnownFileType = text.plist.strings; name = es; path = es.lproj/MainMenu.strings; sourceTree = "<group>"; };
		D32AF47326B195A900A4F47A /* NSData+Extensions.swift */ = {isa = PBXFileReference; lastKnownFileType = sourcecode.swift; path = "NSData+Extensions.swift"; sourceTree = "<group>"; };
		D335924226753E37002D779B /* Base */ = {isa = PBXFileReference; lastKnownFileType = text.rtf; name = Base; path = Base.lproj/Credits.rtf; sourceTree = "<group>"; };
		D335924426753E3B002D779B /* es */ = {isa = PBXFileReference; lastKnownFileType = text.rtf; name = es; path = es.lproj/Credits.rtf; sourceTree = "<group>"; };
		D34E0BF2269371E100628825 /* CGImage+Extensions.swift */ = {isa = PBXFileReference; lastKnownFileType = sourcecode.swift; path = "CGImage+Extensions.swift"; sourceTree = "<group>"; };
		D3545B312526790E00E8432D /* build-script */ = {isa = PBXFileReference; fileEncoding = 4; lastKnownFileType = text.script.sh; path = "build-script"; sourceTree = "<group>"; };
		D3545B322526790E00E8432D /* swiftlint-command */ = {isa = PBXFileReference; fileEncoding = 4; lastKnownFileType = text.script.sh; path = "swiftlint-command"; sourceTree = "<group>"; };
		D3545B392526798500E8432D /* .swiftlint.yml */ = {isa = PBXFileReference; lastKnownFileType = text.yaml; path = .swiftlint.yml; sourceTree = "<group>"; };
		D3545B43252680BF00E8432D /* en */ = {isa = PBXFileReference; lastKnownFileType = text.plist.strings; name = en; path = en.lproj/InfoPlist.strings; sourceTree = "<group>"; };
		D3545B45252680C000E8432D /* es */ = {isa = PBXFileReference; lastKnownFileType = text.plist.strings; name = es; path = es.lproj/InfoPlist.strings; sourceTree = "<group>"; };
		D3721F5B2675483800C30D32 /* Beep.wav */ = {isa = PBXFileReference; lastKnownFileType = audio.wav; path = Beep.wav; sourceTree = "<group>"; };
		D3721F5D2675483800C30D32 /* Camera.wav */ = {isa = PBXFileReference; lastKnownFileType = audio.wav; path = Camera.wav; sourceTree = "<group>"; };
		D38894F126B0B2D600910E57 /* es */ = {isa = PBXFileReference; lastKnownFileType = text.plist.strings; name = es; path = es.lproj/CameraVC.strings; sourceTree = "<group>"; };
		D3A5A0CA24CE28000011668C /* App-Release.xcconfig */ = {isa = PBXFileReference; fileEncoding = 4; lastKnownFileType = text.xcconfig; path = "App-Release.xcconfig"; sourceTree = "<group>"; };
		D3A5A0D024CE28000011668C /* 2Project.xcconfig */ = {isa = PBXFileReference; fileEncoding = 4; lastKnownFileType = text.xcconfig; path = 2Project.xcconfig; sourceTree = "<group>"; };
		D3A5A0D224CE28000011668C /* App-Debug.xcconfig */ = {isa = PBXFileReference; fileEncoding = 4; lastKnownFileType = text.xcconfig; path = "App-Debug.xcconfig"; sourceTree = "<group>"; };
		D3A5A0D324CE28000011668C /* 1XcodeWarnings.xcconfig */ = {isa = PBXFileReference; fileEncoding = 4; lastKnownFileType = text.xcconfig; path = 1XcodeWarnings.xcconfig; sourceTree = "<group>"; };
		D3A5A0D424CE28000011668C /* App-Shared.xcconfig */ = {isa = PBXFileReference; fileEncoding = 4; lastKnownFileType = text.xcconfig; path = "App-Shared.xcconfig"; sourceTree = "<group>"; };
		D3BB1B4F252638920092D58F /* Base */ = {isa = PBXFileReference; lastKnownFileType = file.xib; name = Base; path = Base.lproj/CameraVC.xib; sourceTree = "<group>"; };
		D3BB1B5825263B010092D58F /* Localizable.strings */ = {isa = PBXFileReference; lastKnownFileType = text.plist.strings; path = Localizable.strings; sourceTree = "<group>"; };
		D3EC8C5C24CDD4DF00A69248 /* Camera.app */ = {isa = PBXFileReference; explicitFileType = wrapper.application; includeInIndex = 0; path = Camera.app; sourceTree = BUILT_PRODUCTS_DIR; };
		D3EC8C5F24CDD4DF00A69248 /* AppDelegate.swift */ = {isa = PBXFileReference; lastKnownFileType = sourcecode.swift; path = AppDelegate.swift; sourceTree = "<group>"; };
		D3EC8C6124CDD4E200A69248 /* Assets.xcassets */ = {isa = PBXFileReference; lastKnownFileType = folder.assetcatalog; path = Assets.xcassets; sourceTree = "<group>"; };
		D3EC8C6424CDD4E200A69248 /* Base */ = {isa = PBXFileReference; lastKnownFileType = file.xib; name = Base; path = Base.lproj/MainMenu.xib; sourceTree = "<group>"; };
		D3EC8C6624CDD4E200A69248 /* Info.plist */ = {isa = PBXFileReference; lastKnownFileType = text.plist.xml; path = Info.plist; sourceTree = "<group>"; };
		D3EC8C6724CDD4E200A69248 /* Camera.entitlements */ = {isa = PBXFileReference; lastKnownFileType = text.plist.entitlements; path = Camera.entitlements; sourceTree = "<group>"; };
		D3EC8C6D24CDD53C00A69248 /* AppController.swift */ = {isa = PBXFileReference; fileEncoding = 4; lastKnownFileType = sourcecode.swift; path = AppController.swift; sourceTree = "<group>"; };
		D3EC8C7324CDD67600A69248 /* Camera-Bridging-Header.h */ = {isa = PBXFileReference; lastKnownFileType = sourcecode.c.h; path = "Camera-Bridging-Header.h"; sourceTree = "<group>"; };
		D3EC97AE2671B11700414666 /* CameraVC.h */ = {isa = PBXFileReference; fileEncoding = 4; lastKnownFileType = sourcecode.c.h; path = CameraVC.h; sourceTree = "<group>"; };
		D3EC97AF2671B11700414666 /* CameraVC.m */ = {isa = PBXFileReference; fileEncoding = 4; lastKnownFileType = sourcecode.c.objc; path = CameraVC.m; sourceTree = "<group>"; wrapsLines = 0; };
		D3EC97B12671B1D300414666 /* CountdownViewController.h */ = {isa = PBXFileReference; fileEncoding = 4; lastKnownFileType = sourcecode.c.h; path = CountdownViewController.h; sourceTree = "<group>"; };
		D3EC97B22671B1D300414666 /* CountdownViewController.m */ = {isa = PBXFileReference; fileEncoding = 4; lastKnownFileType = sourcecode.c.objc; path = CountdownViewController.m; sourceTree = "<group>"; };
		D3EC97B32671B1D300414666 /* CountdownViewController.xib */ = {isa = PBXFileReference; fileEncoding = 4; lastKnownFileType = file.xib; path = CountdownViewController.xib; sourceTree = "<group>"; };
		D3EC97B62671B1E900414666 /* CountdownViewControllerDelegate.h */ = {isa = PBXFileReference; lastKnownFileType = sourcecode.c.h; path = CountdownViewControllerDelegate.h; sourceTree = "<group>"; };
		D3EC97B72671B27100414666 /* Countdown.xcassets */ = {isa = PBXFileReference; lastKnownFileType = folder.assetcatalog; path = Countdown.xcassets; sourceTree = "<group>"; };
/* End PBXFileReference section */

/* Begin PBXFrameworksBuildPhase section */
		D3EC8C5924CDD4DF00A69248 /* Frameworks */ = {
			isa = PBXFrameworksBuildPhase;
			buildActionMask = 2147483647;
			files = (
			);
			runOnlyForDeploymentPostprocessing = 0;
		};
/* End PBXFrameworksBuildPhase section */

/* Begin PBXGroup section */
		D3545B302526790E00E8432D /* Build-Phases */ = {
			isa = PBXGroup;
			children = (
				D3545B312526790E00E8432D /* build-script */,
				D3545B322526790E00E8432D /* swiftlint-command */,
			);
			path = "Build-Phases";
			sourceTree = "<group>";
		};
		D3721F5A2675483800C30D32 /* Audio */ = {
			isa = PBXGroup;
			children = (
				D3721F5B2675483800C30D32 /* Beep.wav */,
				D3721F5D2675483800C30D32 /* Camera.wav */,
			);
			path = Audio;
			sourceTree = "<group>";
		};
		D3A5A0C924CE27F40011668C /* XCConfig */ = {
			isa = PBXGroup;
			children = (
				D3A5A0D324CE28000011668C /* 1XcodeWarnings.xcconfig */,
				D3A5A0D024CE28000011668C /* 2Project.xcconfig */,
				D3A5A0D224CE28000011668C /* App-Debug.xcconfig */,
				D3A5A0CA24CE28000011668C /* App-Release.xcconfig */,
				D3A5A0D424CE28000011668C /* App-Shared.xcconfig */,
			);
			path = XCConfig;
			sourceTree = "<group>";
		};
		D3EC8C5324CDD4DF00A69248 = {
			isa = PBXGroup;
			children = (
				D3545B392526798500E8432D /* .swiftlint.yml */,
				D3545B302526790E00E8432D /* Build-Phases */,
				D3A5A0C924CE27F40011668C /* XCConfig */,
				D3EC8C5E24CDD4DF00A69248 /* Camera */,
				D3EC8C5D24CDD4DF00A69248 /* Products */,
			);
			sourceTree = "<group>";
		};
		D3EC8C5D24CDD4DF00A69248 /* Products */ = {
			isa = PBXGroup;
			children = (
				D3EC8C5C24CDD4DF00A69248 /* Camera.app */,
			);
			name = Products;
			sourceTree = "<group>";
		};
		D3EC8C5E24CDD4DF00A69248 /* Camera */ = {
			isa = PBXGroup;
			children = (
				D3EC8C7324CDD67600A69248 /* Camera-Bridging-Header.h */,
				D3FF4612268F66C100CEF6CB /* Source */,
				D3EC97B72671B27100414666 /* Countdown.xcassets */,
				D3EC8C6624CDD4E200A69248 /* Info.plist */,
				D3EC8C6724CDD4E200A69248 /* Camera.entitlements */,
				D3721F5A2675483800C30D32 /* Audio */,
				D335924326753E37002D779B /* Credits.rtf */,
				D3BB1B5825263B010092D58F /* Localizable.strings */,
				D3545B44252680BF00E8432D /* InfoPlist.strings */,
			);
			path = Camera;
			sourceTree = "<group>";
		};
		D3FF460F268F668400CEF6CB /* Countdown */ = {
			isa = PBXGroup;
			children = (
				D3EC97B62671B1E900414666 /* CountdownViewControllerDelegate.h */,
				D3EC97B12671B1D300414666 /* CountdownViewController.h */,
				D3EC97B22671B1D300414666 /* CountdownViewController.m */,
				D3EC97B32671B1D300414666 /* CountdownViewController.xib */,
			);
			path = Countdown;
			sourceTree = "<group>";
		};
		D3FF4610268F668F00CEF6CB /* Application */ = {
			isa = PBXGroup;
			children = (
				D3EC8C5F24CDD4DF00A69248 /* AppDelegate.swift */,
				D3EC8C6D24CDD53C00A69248 /* AppController.swift */,
				D3EC8C6124CDD4E200A69248 /* Assets.xcassets */,
				D3EC8C6324CDD4E200A69248 /* MainMenu.xib */,
			);
			path = Application;
			sourceTree = "<group>";
		};
		D3FF4611268F66A200CEF6CB /* CameraVC */ = {
			isa = PBXGroup;
			children = (
				D3EC97AE2671B11700414666 /* CameraVC.h */,
				D3EC97AF2671B11700414666 /* CameraVC.m */,
				D3BB1B50252638920092D58F /* CameraVC.xib */,
			);
			path = CameraVC;
			sourceTree = "<group>";
		};
		D3FF4612268F66C100CEF6CB /* Source */ = {
			isa = PBXGroup;
			children = (
				D3FF4610268F668F00CEF6CB /* Application */,
				D3FF4611268F66A200CEF6CB /* CameraVC */,
				D3FF460F268F668400CEF6CB /* Countdown */,
				D34E0BF2269371E100628825 /* CGImage+Extensions.swift */,
				D32AF47326B195A900A4F47A /* NSData+Extensions.swift */,
				D31CE93326B4449800E78398 /* NSError+Extensions.swift */,
				D31CE93526B4452E00E78398 /* NSAlert+ILIOSAdditions.h */,
				D31CE93626B4452E00E78398 /* NSAlert+ILIOSAdditions.m */,
			);
			path = Source;
			sourceTree = "<group>";
		};
/* End PBXGroup section */

/* Begin PBXNativeTarget section */
		D3EC8C5B24CDD4DF00A69248 /* Camera */ = {
			isa = PBXNativeTarget;
			buildConfigurationList = D3EC8C6A24CDD4E200A69248 /* Build configuration list for PBXNativeTarget "Camera" */;
			buildPhases = (
				D3545B362526792900E8432D /* SwiftLint */,
				D3545B372526794000E8432D /* Build Script */,
				D3EC8C5824CDD4DF00A69248 /* Sources */,
				D3EC8C5924CDD4DF00A69248 /* Frameworks */,
				D3EC8C5A24CDD4DF00A69248 /* Resources */,
			);
			buildRules = (
			);
			dependencies = (
			);
			name = Camera;
			productName = Camera;
			productReference = D3EC8C5C24CDD4DF00A69248 /* Camera.app */;
			productType = "com.apple.product-type.application";
		};
/* End PBXNativeTarget section */

/* Begin PBXProject section */
		D3EC8C5424CDD4DF00A69248 /* Project object */ = {
			isa = PBXProject;
			attributes = {
				LastSwiftUpdateCheck = 1160;
				LastUpgradeCheck = 1300;
				ORGANIZATIONNAME = "ILIOS Inc.";
				TargetAttributes = {
					D3EC8C5B24CDD4DF00A69248 = {
						CreatedOnToolsVersion = 11.6;
						LastSwiftMigration = 1250;
					};
				};
			};
			buildConfigurationList = D3EC8C5724CDD4DF00A69248 /* Build configuration list for PBXProject "Camera" */;
			compatibilityVersion = "Xcode 9.3";
			developmentRegion = en;
			hasScannedForEncodings = 0;
			knownRegions = (
				en,
				Base,
				es,
			);
			mainGroup = D3EC8C5324CDD4DF00A69248;
			productRefGroup = D3EC8C5D24CDD4DF00A69248 /* Products */;
			projectDirPath = "";
			projectRoot = "";
			targets = (
				D3EC8C5B24CDD4DF00A69248 /* Camera */,
			);
		};
/* End PBXProject section */

/* Begin PBXResourcesBuildPhase section */
		D3EC8C5A24CDD4DF00A69248 /* Resources */ = {
			isa = PBXResourcesBuildPhase;
			buildActionMask = 2147483647;
			files = (
				D3BB1B5925263B010092D58F /* Localizable.strings in Resources */,
				D3545B42252680BF00E8432D /* InfoPlist.strings in Resources */,
				D3EC8C6224CDD4E200A69248 /* Assets.xcassets in Resources */,
				D3BB1B4E252638920092D58F /* CameraVC.xib in Resources */,
				D3EC97B52671B1D300414666 /* CountdownViewController.xib in Resources */,
				D3EC97B82671B27100414666 /* Countdown.xcassets in Resources */,
				D3721F5E2675483800C30D32 /* Beep.wav in Resources */,
				D335924126753E37002D779B /* Credits.rtf in Resources */,
				D3EC8C6524CDD4E200A69248 /* MainMenu.xib in Resources */,
				D3721F602675483800C30D32 /* Camera.wav in Resources */,
			);
			runOnlyForDeploymentPostprocessing = 0;
		};
/* End PBXResourcesBuildPhase section */

/* Begin PBXShellScriptBuildPhase section */
		D3545B362526792900E8432D /* SwiftLint */ = {
			isa = PBXShellScriptBuildPhase;
			buildActionMask = 2147483647;
			files = (
			);
			inputFileListPaths = (
			);
			inputPaths = (
			);
			name = SwiftLint;
			outputFileListPaths = (
			);
			outputPaths = (
			);
			runOnlyForDeploymentPostprocessing = 0;
			shellPath = /bin/sh;
			shellScript = "$SRCROOT/Build-Phases/swiftlint-command\n";
		};
		D3545B372526794000E8432D /* Build Script */ = {
			isa = PBXShellScriptBuildPhase;
			buildActionMask = 2147483647;
			files = (
			);
			inputFileListPaths = (
			);
			inputPaths = (
			);
			name = "Build Script";
			outputFileListPaths = (
			);
			outputPaths = (
			);
			runOnlyForDeploymentPostprocessing = 0;
			shellPath = /bin/sh;
			shellScript = "$SRCROOT/Build-Phases/build-script\n";
		};
/* End PBXShellScriptBuildPhase section */

/* Begin PBXSourcesBuildPhase section */
		D3EC8C5824CDD4DF00A69248 /* Sources */ = {
			isa = PBXSourcesBuildPhase;
			buildActionMask = 2147483647;
			files = (
				D3EC8C6024CDD4DF00A69248 /* AppDelegate.swift in Sources */,
				D3EC97B02671B11700414666 /* CameraVC.m in Sources */,
				D3EC97B42671B1D300414666 /* CountdownViewController.m in Sources */,
				D32AF47426B195A900A4F47A /* NSData+Extensions.swift in Sources */,
				D34E0BF3269371E100628825 /* CGImage+Extensions.swift in Sources */,
				D31CE93426B4449800E78398 /* NSError+Extensions.swift in Sources */,
				D31CE93726B4452E00E78398 /* NSAlert+ILIOSAdditions.m in Sources */,
				D3EC8C6E24CDD53C00A69248 /* AppController.swift in Sources */,
			);
			runOnlyForDeploymentPostprocessing = 0;
		};
/* End PBXSourcesBuildPhase section */

/* Begin PBXVariantGroup section */
		D335924326753E37002D779B /* Credits.rtf */ = {
			isa = PBXVariantGroup;
			children = (
				D335924226753E37002D779B /* Base */,
				D335924426753E3B002D779B /* es */,
			);
			name = Credits.rtf;
			sourceTree = "<group>";
		};
		D3545B44252680BF00E8432D /* InfoPlist.strings */ = {
			isa = PBXVariantGroup;
			children = (
				D3545B43252680BF00E8432D /* en */,
				D3545B45252680C000E8432D /* es */,
			);
			name = InfoPlist.strings;
			sourceTree = "<group>";
		};
		D3BB1B50252638920092D58F /* CameraVC.xib */ = {
			isa = PBXVariantGroup;
			children = (
				D3BB1B4F252638920092D58F /* Base */,
				D38894F126B0B2D600910E57 /* es */,
			);
			name = CameraVC.xib;
			sourceTree = "<group>";
		};
		D3EC8C6324CDD4E200A69248 /* MainMenu.xib */ = {
			isa = PBXVariantGroup;
			children = (
				D3EC8C6424CDD4E200A69248 /* Base */,
				D31CE93B26B449F800E78398 /* es */,
			);
			name = MainMenu.xib;
			sourceTree = "<group>";
		};
/* End PBXVariantGroup section */

/* Begin XCBuildConfiguration section */
		D3EC8C6824CDD4E200A69248 /* Debug */ = {
			isa = XCBuildConfiguration;
			baseConfigurationReference = D3A5A0D024CE28000011668C /* 2Project.xcconfig */;
			buildSettings = {
			};
			name = Debug;
		};
		D3EC8C6924CDD4E200A69248 /* Release */ = {
			isa = XCBuildConfiguration;
			baseConfigurationReference = D3A5A0D024CE28000011668C /* 2Project.xcconfig */;
			buildSettings = {
			};
			name = Release;
		};
		D3EC8C6B24CDD4E200A69248 /* Debug */ = {
			isa = XCBuildConfiguration;
			baseConfigurationReference = D3A5A0D224CE28000011668C /* App-Debug.xcconfig */;
			buildSettings = {
			};
			name = Debug;
		};
		D3EC8C6C24CDD4E200A69248 /* Release */ = {
			isa = XCBuildConfiguration;
			baseConfigurationReference = D3A5A0CA24CE28000011668C /* App-Release.xcconfig */;
			buildSettings = {
			};
			name = Release;
		};
/* End XCBuildConfiguration section */

/* Begin XCConfigurationList section */
		D3EC8C5724CDD4DF00A69248 /* Build configuration list for PBXProject "Camera" */ = {
			isa = XCConfigurationList;
			buildConfigurations = (
				D3EC8C6824CDD4E200A69248 /* Debug */,
				D3EC8C6924CDD4E200A69248 /* Release */,
			);
			defaultConfigurationIsVisible = 0;
			defaultConfigurationName = Release;
		};
		D3EC8C6A24CDD4E200A69248 /* Build configuration list for PBXNativeTarget "Camera" */ = {
			isa = XCConfigurationList;
			buildConfigurations = (
				D3EC8C6B24CDD4E200A69248 /* Debug */,
				D3EC8C6C24CDD4E200A69248 /* Release */,
			);
			defaultConfigurationIsVisible = 0;
			defaultConfigurationName = Release;
		};
/* End XCConfigurationList section */
	};
	rootObject = D3EC8C5424CDD4DF00A69248 /* Project object */;
}
