// !$*UTF8*$!
{
	archiveVersion = 1;
	classes = {
	};
	objectVersion = 50;
	objects = {

/* Begin PBXBuildFile section */
		D3BB1B4E252638920092D58F /* CameraViewController.xib in Resources */ = {isa = PBXBuildFile; fileRef = D3BB1B50252638920092D58F /* CameraViewController.xib */; };
		D3BB1B5925263B010092D58F /* Localizable.strings in Resources */ = {isa = PBXBuildFile; fileRef = D3BB1B5825263B010092D58F /* Localizable.strings */; };
		D3EC8C6024CDD4DF00A69248 /* AppDelegate.swift in Sources */ = {isa = PBXBuildFile; fileRef = D3EC8C5F24CDD4DF00A69248 /* AppDelegate.swift */; };
		D3EC8C6224CDD4E200A69248 /* Assets.xcassets in Resources */ = {isa = PBXBuildFile; fileRef = D3EC8C6124CDD4E200A69248 /* Assets.xcassets */; };
		D3EC8C6524CDD4E200A69248 /* MainMenu.xib in Resources */ = {isa = PBXBuildFile; fileRef = D3EC8C6324CDD4E200A69248 /* MainMenu.xib */; };
		D3EC8C6E24CDD53C00A69248 /* AppController.swift in Sources */ = {isa = PBXBuildFile; fileRef = D3EC8C6D24CDD53C00A69248 /* AppController.swift */; };
		D3EC8C7024CDD54700A69248 /* ContentVC.swift in Sources */ = {isa = PBXBuildFile; fileRef = D3EC8C6F24CDD54600A69248 /* ContentVC.swift */; };
		D3EC8C7224CDD55900A69248 /* ContentVC.xib in Resources */ = {isa = PBXBuildFile; fileRef = D3EC8C7124CDD55900A69248 /* ContentVC.xib */; };
		D3EC8C7824CDD67700A69248 /* CameraViewController.m in Sources */ = {isa = PBXBuildFile; fileRef = D3EC8C7624CDD67700A69248 /* CameraViewController.m */; };
		D3F03E1B24CF99DA00214BAB /* CameraViewController+Extensions.swift in Sources */ = {isa = PBXBuildFile; fileRef = D3F03E1A24CF99DA00214BAB /* CameraViewController+Extensions.swift */; };
/* End PBXBuildFile section */

/* Begin PBXFileReference section */
		D3A5A0CA24CE28000011668C /* App-Release.xcconfig */ = {isa = PBXFileReference; fileEncoding = 4; lastKnownFileType = text.xcconfig; path = "App-Release.xcconfig"; sourceTree = "<group>"; };
		D3A5A0CB24CE28000011668C /* Framework-Debug.xcconfig */ = {isa = PBXFileReference; fileEncoding = 4; lastKnownFileType = text.xcconfig; path = "Framework-Debug.xcconfig"; sourceTree = "<group>"; };
		D3A5A0CC24CE28000011668C /* Tests-Debug.xcconfig */ = {isa = PBXFileReference; fileEncoding = 4; lastKnownFileType = text.xcconfig; path = "Tests-Debug.xcconfig"; sourceTree = "<group>"; };
		D3A5A0CD24CE28000011668C /* Tests-Release.xcconfig */ = {isa = PBXFileReference; fileEncoding = 4; lastKnownFileType = text.xcconfig; path = "Tests-Release.xcconfig"; sourceTree = "<group>"; };
		D3A5A0CE24CE28000011668C /* Tests-Shared.xcconfig */ = {isa = PBXFileReference; fileEncoding = 4; lastKnownFileType = text.xcconfig; path = "Tests-Shared.xcconfig"; sourceTree = "<group>"; };
		D3A5A0CF24CE28000011668C /* Framework-Shared.xcconfig */ = {isa = PBXFileReference; fileEncoding = 4; lastKnownFileType = text.xcconfig; path = "Framework-Shared.xcconfig"; sourceTree = "<group>"; };
		D3A5A0D024CE28000011668C /* 2Common.xcconfig */ = {isa = PBXFileReference; fileEncoding = 4; lastKnownFileType = text.xcconfig; path = 2Common.xcconfig; sourceTree = "<group>"; };
		D3A5A0D124CE28000011668C /* Framework-Release.xcconfig */ = {isa = PBXFileReference; fileEncoding = 4; lastKnownFileType = text.xcconfig; path = "Framework-Release.xcconfig"; sourceTree = "<group>"; };
		D3A5A0D224CE28000011668C /* App-Debug.xcconfig */ = {isa = PBXFileReference; fileEncoding = 4; lastKnownFileType = text.xcconfig; path = "App-Debug.xcconfig"; sourceTree = "<group>"; };
		D3A5A0D324CE28000011668C /* 1XcodeWarnings.xcconfig */ = {isa = PBXFileReference; fileEncoding = 4; lastKnownFileType = text.xcconfig; path = 1XcodeWarnings.xcconfig; sourceTree = "<group>"; };
		D3A5A0D424CE28000011668C /* App-Shared.xcconfig */ = {isa = PBXFileReference; fileEncoding = 4; lastKnownFileType = text.xcconfig; path = "App-Shared.xcconfig"; sourceTree = "<group>"; };
		D3BB1B4F252638920092D58F /* Base */ = {isa = PBXFileReference; lastKnownFileType = file.xib; name = Base; path = Base.lproj/CameraViewController.xib; sourceTree = "<group>"; };
		D3BB1B56252639D20092D58F /* es */ = {isa = PBXFileReference; lastKnownFileType = text.plist.strings; name = es; path = es.lproj/CameraViewController.strings; sourceTree = "<group>"; };
		D3BB1B5825263B010092D58F /* Localizable.strings */ = {isa = PBXFileReference; lastKnownFileType = text.plist.strings; path = Localizable.strings; sourceTree = "<group>"; };
		D3BB1B5C252647B40092D58F /* es */ = {isa = PBXFileReference; lastKnownFileType = text.plist.strings; name = es; path = es.lproj/MainMenu.strings; sourceTree = "<group>"; };
		D3EC8C5C24CDD4DF00A69248 /* Camera.app */ = {isa = PBXFileReference; explicitFileType = wrapper.application; includeInIndex = 0; path = Camera.app; sourceTree = BUILT_PRODUCTS_DIR; };
		D3EC8C5F24CDD4DF00A69248 /* AppDelegate.swift */ = {isa = PBXFileReference; lastKnownFileType = sourcecode.swift; path = AppDelegate.swift; sourceTree = "<group>"; };
		D3EC8C6124CDD4E200A69248 /* Assets.xcassets */ = {isa = PBXFileReference; lastKnownFileType = folder.assetcatalog; path = Assets.xcassets; sourceTree = "<group>"; };
		D3EC8C6424CDD4E200A69248 /* Base */ = {isa = PBXFileReference; lastKnownFileType = file.xib; name = Base; path = Base.lproj/MainMenu.xib; sourceTree = "<group>"; };
		D3EC8C6624CDD4E200A69248 /* Info.plist */ = {isa = PBXFileReference; lastKnownFileType = text.plist.xml; path = Info.plist; sourceTree = "<group>"; };
		D3EC8C6724CDD4E200A69248 /* Camera.entitlements */ = {isa = PBXFileReference; lastKnownFileType = text.plist.entitlements; path = Camera.entitlements; sourceTree = "<group>"; };
		D3EC8C6D24CDD53C00A69248 /* AppController.swift */ = {isa = PBXFileReference; fileEncoding = 4; lastKnownFileType = sourcecode.swift; path = AppController.swift; sourceTree = "<group>"; };
		D3EC8C6F24CDD54600A69248 /* ContentVC.swift */ = {isa = PBXFileReference; fileEncoding = 4; lastKnownFileType = sourcecode.swift; path = ContentVC.swift; sourceTree = "<group>"; };
		D3EC8C7124CDD55900A69248 /* ContentVC.xib */ = {isa = PBXFileReference; lastKnownFileType = file.xib; path = ContentVC.xib; sourceTree = "<group>"; };
		D3EC8C7324CDD67600A69248 /* Camera-Bridging-Header.h */ = {isa = PBXFileReference; lastKnownFileType = sourcecode.c.h; path = "Camera-Bridging-Header.h"; sourceTree = "<group>"; };
		D3EC8C7524CDD67700A69248 /* CameraViewController.h */ = {isa = PBXFileReference; fileEncoding = 4; lastKnownFileType = sourcecode.c.h; path = CameraViewController.h; sourceTree = "<group>"; };
		D3EC8C7624CDD67700A69248 /* CameraViewController.m */ = {isa = PBXFileReference; fileEncoding = 4; lastKnownFileType = sourcecode.c.objc; path = CameraViewController.m; sourceTree = "<group>"; };
		D3F03E1A24CF99DA00214BAB /* CameraViewController+Extensions.swift */ = {isa = PBXFileReference; lastKnownFileType = sourcecode.swift; path = "CameraViewController+Extensions.swift"; sourceTree = "<group>"; };
/* End PBXFileReference section */

/* Begin PBXFrameworksBuildPhase section */
		D3EC8C5924CDD4DF00A69248 /* Frameworks */ = {
			isa = PBXFrameworksBuildPhase;
			buildActionMask = 2147483647;
			files = (
			);
			runOnlyForDeploymentPostprocessing = 0;
		};
/* End PBXFrameworksBuildPhase section */

/* Begin PBXGroup section */
		D3A5A0C924CE27F40011668C /* XCConfig */ = {
			isa = PBXGroup;
			children = (
				D3A5A0D324CE28000011668C /* 1XcodeWarnings.xcconfig */,
				D3A5A0D024CE28000011668C /* 2Common.xcconfig */,
				D3A5A0D224CE28000011668C /* App-Debug.xcconfig */,
				D3A5A0CA24CE28000011668C /* App-Release.xcconfig */,
				D3A5A0D424CE28000011668C /* App-Shared.xcconfig */,
				D3A5A0CB24CE28000011668C /* Framework-Debug.xcconfig */,
				D3A5A0D124CE28000011668C /* Framework-Release.xcconfig */,
				D3A5A0CF24CE28000011668C /* Framework-Shared.xcconfig */,
				D3A5A0CC24CE28000011668C /* Tests-Debug.xcconfig */,
				D3A5A0CD24CE28000011668C /* Tests-Release.xcconfig */,
				D3A5A0CE24CE28000011668C /* Tests-Shared.xcconfig */,
			);
			path = XCConfig;
			sourceTree = "<group>";
		};
		D3EC8C5324CDD4DF00A69248 = {
			isa = PBXGroup;
			children = (
				D3A5A0C924CE27F40011668C /* XCConfig */,
				D3EC8C5E24CDD4DF00A69248 /* Camera */,
				D3EC8C5D24CDD4DF00A69248 /* Products */,
			);
			sourceTree = "<group>";
		};
		D3EC8C5D24CDD4DF00A69248 /* Products */ = {
			isa = PBXGroup;
			children = (
				D3EC8C5C24CDD4DF00A69248 /* Camera.app */,
			);
			name = Products;
			sourceTree = "<group>";
		};
		D3EC8C5E24CDD4DF00A69248 /* Camera */ = {
			isa = PBXGroup;
			children = (
				D3EC8C5F24CDD4DF00A69248 /* AppDelegate.swift */,
				D3EC8C6D24CDD53C00A69248 /* AppController.swift */,
				D3EC8C6124CDD4E200A69248 /* Assets.xcassets */,
				D3EC8C6324CDD4E200A69248 /* MainMenu.xib */,
				D3EC8C6F24CDD54600A69248 /* ContentVC.swift */,
				D3EC8C7124CDD55900A69248 /* ContentVC.xib */,
				D3EC8C7524CDD67700A69248 /* CameraViewController.h */,
				D3EC8C7624CDD67700A69248 /* CameraViewController.m */,
				D3F03E1A24CF99DA00214BAB /* CameraViewController+Extensions.swift */,
				D3BB1B50252638920092D58F /* CameraViewController.xib */,
				D3EC8C6624CDD4E200A69248 /* Info.plist */,
				D3EC8C6724CDD4E200A69248 /* Camera.entitlements */,
				D3EC8C7324CDD67600A69248 /* Camera-Bridging-Header.h */,
				D3BB1B5825263B010092D58F /* Localizable.strings */,
			);
			path = Camera;
			sourceTree = "<group>";
		};
/* End PBXGroup section */

/* Begin PBXNativeTarget section */
		D3EC8C5B24CDD4DF00A69248 /* Camera */ = {
			isa = PBXNativeTarget;
			buildConfigurationList = D3EC8C6A24CDD4E200A69248 /* Build configuration list for PBXNativeTarget "Camera" */;
			buildPhases = (
				D3EC8C5824CDD4DF00A69248 /* Sources */,
				D3EC8C5924CDD4DF00A69248 /* Frameworks */,
				D3EC8C5A24CDD4DF00A69248 /* Resources */,
			);
			buildRules = (
			);
			dependencies = (
			);
			name = Camera;
			productName = Camera;
			productReference = D3EC8C5C24CDD4DF00A69248 /* Camera.app */;
			productType = "com.apple.product-type.application";
		};
/* End PBXNativeTarget section */

/* Begin PBXProject section */
		D3EC8C5424CDD4DF00A69248 /* Project object */ = {
			isa = PBXProject;
			attributes = {
				LastSwiftUpdateCheck = 1160;
				LastUpgradeCheck = 1200;
				ORGANIZATIONNAME = "ILIOS Inc.";
				TargetAttributes = {
					D3EC8C5B24CDD4DF00A69248 = {
						CreatedOnToolsVersion = 11.6;
						LastSwiftMigration = 1160;
					};
				};
			};
			buildConfigurationList = D3EC8C5724CDD4DF00A69248 /* Build configuration list for PBXProject "Camera" */;
			compatibilityVersion = "Xcode 9.3";
			developmentRegion = en;
			hasScannedForEncodings = 0;
			knownRegions = (
				en,
				Base,
				es,
			);
			mainGroup = D3EC8C5324CDD4DF00A69248;
			productRefGroup = D3EC8C5D24CDD4DF00A69248 /* Products */;
			projectDirPath = "";
			projectRoot = "";
			targets = (
				D3EC8C5B24CDD4DF00A69248 /* Camera */,
			);
		};
/* End PBXProject section */

/* Begin PBXResourcesBuildPhase section */
		D3EC8C5A24CDD4DF00A69248 /* Resources */ = {
			isa = PBXResourcesBuildPhase;
			buildActionMask = 2147483647;
			files = (
				D3BB1B5925263B010092D58F /* Localizable.strings in Resources */,
				D3EC8C6224CDD4E200A69248 /* Assets.xcassets in Resources */,
				D3BB1B4E252638920092D58F /* CameraViewController.xib in Resources */,
				D3EC8C7224CDD55900A69248 /* ContentVC.xib in Resources */,
				D3EC8C6524CDD4E200A69248 /* MainMenu.xib in Resources */,
			);
			runOnlyForDeploymentPostprocessing = 0;
		};
/* End PBXResourcesBuildPhase section */

/* Begin PBXSourcesBuildPhase section */
		D3EC8C5824CDD4DF00A69248 /* Sources */ = {
			isa = PBXSourcesBuildPhase;
			buildActionMask = 2147483647;
			files = (
				D3EC8C6024CDD4DF00A69248 /* AppDelegate.swift in Sources */,
				D3EC8C7824CDD67700A69248 /* CameraViewController.m in Sources */,
				D3EC8C7024CDD54700A69248 /* ContentVC.swift in Sources */,
				D3F03E1B24CF99DA00214BAB /* CameraViewController+Extensions.swift in Sources */,
				D3EC8C6E24CDD53C00A69248 /* AppController.swift in Sources */,
			);
			runOnlyForDeploymentPostprocessing = 0;
		};
/* End PBXSourcesBuildPhase section */

/* Begin PBXVariantGroup section */
		D3BB1B50252638920092D58F /* CameraViewController.xib */ = {
			isa = PBXVariantGroup;
			children = (
				D3BB1B4F252638920092D58F /* Base */,
				D3BB1B56252639D20092D58F /* es */,
			);
			name = CameraViewController.xib;
			sourceTree = "<group>";
		};
		D3EC8C6324CDD4E200A69248 /* MainMenu.xib */ = {
			isa = PBXVariantGroup;
			children = (
				D3EC8C6424CDD4E200A69248 /* Base */,
				D3BB1B5C252647B40092D58F /* es */,
			);
			name = MainMenu.xib;
			sourceTree = "<group>";
		};
/* End PBXVariantGroup section */

/* Begin XCBuildConfiguration section */
		D3EC8C6824CDD4E200A69248 /* Debug */ = {
			isa = XCBuildConfiguration;
			buildSettings = {
				CLANG_ANALYZER_LOCALIZABILITY_NONLOCALIZED = YES;
			};
			name = Debug;
		};
		D3EC8C6924CDD4E200A69248 /* Release */ = {
			isa = XCBuildConfiguration;
			buildSettings = {
				CLANG_ANALYZER_LOCALIZABILITY_NONLOCALIZED = YES;
			};
			name = Release;
		};
		D3EC8C6B24CDD4E200A69248 /* Debug */ = {
			isa = XCBuildConfiguration;
			baseConfigurationReference = D3A5A0D224CE28000011668C /* App-Debug.xcconfig */;
			buildSettings = {
			};
			name = Debug;
		};
		D3EC8C6C24CDD4E200A69248 /* Release */ = {
			isa = XCBuildConfiguration;
			baseConfigurationReference = D3A5A0CA24CE28000011668C /* App-Release.xcconfig */;
			buildSettings = {
			};
			name = Release;
		};
/* End XCBuildConfiguration section */

/* Begin XCConfigurationList section */
		D3EC8C5724CDD4DF00A69248 /* Build configuration list for PBXProject "Camera" */ = {
			isa = XCConfigurationList;
			buildConfigurations = (
				D3EC8C6824CDD4E200A69248 /* Debug */,
				D3EC8C6924CDD4E200A69248 /* Release */,
			);
			defaultConfigurationIsVisible = 0;
			defaultConfigurationName = Release;
		};
		D3EC8C6A24CDD4E200A69248 /* Build configuration list for PBXNativeTarget "Camera" */ = {
			isa = XCConfigurationList;
			buildConfigurations = (
				D3EC8C6B24CDD4E200A69248 /* Debug */,
				D3EC8C6C24CDD4E200A69248 /* Release */,
			);
			defaultConfigurationIsVisible = 0;
			defaultConfigurationName = Release;
		};
/* End XCConfigurationList section */
	};
	rootObject = D3EC8C5424CDD4DF00A69248 /* Project object */;
}
